
Microsoft Visual Studio Solution File, Format Version 12.00
# Visual Studio Version 16
VisualStudioVersion = 16.0.29609.76
MinimumVisualStudioVersion = 10.0.40219.1
Project("{9A19103F-16F7-4668-BE54-9A1E7A4F7556}") = "LivrariaRomana.Test", "LivrariaRomana.Test\LivrariaRomana.Test.csproj", "{F8C5FC47-6D92-473C-ADCC-7C514D3550A7}"
EndProject
Project("{9A19103F-16F7-4668-BE54-9A1E7A4F7556}") = "LivrariaRomana.Domain", "LivrariaRomana.Domain\LivrariaRomana.Domain.csproj", "{43B6283B-05E9-49F5-BAC7-8A358CC201C4}"
EndProject
Project("{9A19103F-16F7-4668-BE54-9A1E7A4F7556}") = "LivrariaRomana.Infrastructure.Interfaces", "LivrariaRomana.Infrastructure.Interfaces\LivrariaRomana.Infrastructure.Interfaces.csproj", "{0DFA733E-7E3B-40F9-9D14-F19255C870F2}"
EndProject
Project("{9A19103F-16F7-4668-BE54-9A1E7A4F7556}") = "LivrariaRomana.Infrastructure", "LivrariaRomana.Infrastructure\LivrariaRomana.Infrastructure.csproj", "{BC02CB86-528F-4BF5-A0CC-8B5CF0BA9047}"
EndProject
Project("{9A19103F-16F7-4668-BE54-9A1E7A4F7556}") = "LivrariaRomana.API", "LivrariaRomana.API\LivrariaRomana.API.csproj", "{64A566B8-002A-4D70-ACEA-105ACDCE2D5C}"
EndProject
Project("{9A19103F-16F7-4668-BE54-9A1E7A4F7556}") = "LivrariaRomana.Infrastructure.IoC", "LivrariaRomana.Infrastructure.IoC\LivrariaRomana.Infrastructure.IoC.csproj", "{734B61B8-55EF-475B-BC2E-F31D70487A04}"
EndProject
Project("{9A19103F-16F7-4668-BE54-9A1E7A4F7556}") = "LivrariaRomana.Repositories", "LivrariaRomana.Repositories\LivrariaRomana.Repositories.csproj", "{854BB890-6D7D-4B06-B389-F6A66E47C224}"
EndProject
Project("{9A19103F-16F7-4668-BE54-9A1E7A4F7556}") = "LivrariaRomana.IRepositories", "LivrariaRomana.IRepositories\LivrariaRomana.IRepositories.csproj", "{9266C161-07BE-4BCD-9A36-B4B4A936B38C}"
EndProject
Project("{FAE04EC0-301F-11D3-BF4B-00C04F79EFBC}") = "LivrariaRomana.IServices", "LivrariaRomana.IServices\LivrariaRomana.IServices.csproj", "{933E7F18-85CD-4FB4-84BD-82E645330DF0}"
EndProject
Project("{FAE04EC0-301F-11D3-BF4B-00C04F79EFBC}") = "LivrariaRomana.Services", "LivrariaRomana.Services\LivrariaRomana.Services.csproj", "{F8608E6A-3E4F-4397-B520-7F6979E90830}"
EndProject
Project("{2150E333-8FDC-42A3-9474-1A3956D46DE8}") = "Repositories", "Repositories", "{7370BFE7-7BAA-4BF2-8C57-6DE27633AB98}"
EndProject
Project("{2150E333-8FDC-42A3-9474-1A3956D46DE8}") = "Services", "Services", "{D1D69628-D040-464E-9E6F-BCB5AB7BCED4}"
EndProject
Project("{2150E333-8FDC-42A3-9474-1A3956D46DE8}") = "Domain", "Domain", "{16CFB121-45F0-4FB5-BCD2-EDBFC05FAD45}"
EndProject
Project("{2150E333-8FDC-42A3-9474-1A3956D46DE8}") = "Infrastructure", "Infrastructure", "{40192E8D-0D70-4BA2-B990-EB53ED3DAB9F}"
EndProject
Project("{2150E333-8FDC-42A3-9474-1A3956D46DE8}") = "API", "API", "{118685D9-8FA2-491E-9D84-810B349966C8}"
EndProject
Global
	GlobalSection(SolutionConfigurationPlatforms) = preSolution
		Debug|Any CPU = Debug|Any CPU
		Release|Any CPU = Release|Any CPU
	EndGlobalSection
	GlobalSection(ProjectConfigurationPlatforms) = postSolution
		{F8C5FC47-6D92-473C-ADCC-7C514D3550A7}.Debug|Any CPU.ActiveCfg = Debug|Any CPU
		{F8C5FC47-6D92-473C-ADCC-7C514D3550A7}.Debug|Any CPU.Build.0 = Debug|Any CPU
		{F8C5FC47-6D92-473C-ADCC-7C514D3550A7}.Release|Any CPU.ActiveCfg = Release|Any CPU
		{F8C5FC47-6D92-473C-ADCC-7C514D3550A7}.Release|Any CPU.Build.0 = Release|Any CPU
		{43B6283B-05E9-49F5-BAC7-8A358CC201C4}.Debug|Any CPU.ActiveCfg = Debug|Any CPU
		{43B6283B-05E9-49F5-BAC7-8A358CC201C4}.Debug|Any CPU.Build.0 = Debug|Any CPU
		{43B6283B-05E9-49F5-BAC7-8A358CC201C4}.Release|Any CPU.ActiveCfg = Release|Any CPU
		{43B6283B-05E9-49F5-BAC7-8A358CC201C4}.Release|Any CPU.Build.0 = Release|Any CPU
		{0DFA733E-7E3B-40F9-9D14-F19255C870F2}.Debug|Any CPU.ActiveCfg = Debug|Any CPU
		{0DFA733E-7E3B-40F9-9D14-F19255C870F2}.Debug|Any CPU.Build.0 = Debug|Any CPU
		{0DFA733E-7E3B-40F9-9D14-F19255C870F2}.Release|Any CPU.ActiveCfg = Release|Any CPU
		{0DFA733E-7E3B-40F9-9D14-F19255C870F2}.Release|Any CPU.Build.0 = Release|Any CPU
		{BC02CB86-528F-4BF5-A0CC-8B5CF0BA9047}.Debug|Any CPU.ActiveCfg = Debug|Any CPU
		{BC02CB86-528F-4BF5-A0CC-8B5CF0BA9047}.Debug|Any CPU.Build.0 = Debug|Any CPU
		{BC02CB86-528F-4BF5-A0CC-8B5CF0BA9047}.Release|Any CPU.ActiveCfg = Release|Any CPU
		{BC02CB86-528F-4BF5-A0CC-8B5CF0BA9047}.Release|Any CPU.Build.0 = Release|Any CPU
		{64A566B8-002A-4D70-ACEA-105ACDCE2D5C}.Debug|Any CPU.ActiveCfg = Debug|Any CPU
		{64A566B8-002A-4D70-ACEA-105ACDCE2D5C}.Debug|Any CPU.Build.0 = Debug|Any CPU
		{64A566B8-002A-4D70-ACEA-105ACDCE2D5C}.Release|Any CPU.ActiveCfg = Release|Any CPU
		{64A566B8-002A-4D70-ACEA-105ACDCE2D5C}.Release|Any CPU.Build.0 = Release|Any CPU
		{734B61B8-55EF-475B-BC2E-F31D70487A04}.Debug|Any CPU.ActiveCfg = Debug|Any CPU
		{734B61B8-55EF-475B-BC2E-F31D70487A04}.Debug|Any CPU.Build.0 = Debug|Any CPU
		{734B61B8-55EF-475B-BC2E-F31D70487A04}.Release|Any CPU.ActiveCfg = Release|Any CPU
		{734B61B8-55EF-475B-BC2E-F31D70487A04}.Release|Any CPU.Build.0 = Release|Any CPU
		{854BB890-6D7D-4B06-B389-F6A66E47C224}.Debug|Any CPU.ActiveCfg = Debug|Any CPU
		{854BB890-6D7D-4B06-B389-F6A66E47C224}.Debug|Any CPU.Build.0 = Debug|Any CPU
		{854BB890-6D7D-4B06-B389-F6A66E47C224}.Release|Any CPU.ActiveCfg = Release|Any CPU
		{854BB890-6D7D-4B06-B389-F6A66E47C224}.Release|Any CPU.Build.0 = Release|Any CPU
		{9266C161-07BE-4BCD-9A36-B4B4A936B38C}.Debug|Any CPU.ActiveCfg = Debug|Any CPU
		{9266C161-07BE-4BCD-9A36-B4B4A936B38C}.Debug|Any CPU.Build.0 = Debug|Any CPU
		{9266C161-07BE-4BCD-9A36-B4B4A936B38C}.Release|Any CPU.ActiveCfg = Release|Any CPU
		{9266C161-07BE-4BCD-9A36-B4B4A936B38C}.Release|Any CPU.Build.0 = Release|Any CPU
		{933E7F18-85CD-4FB4-84BD-82E645330DF0}.Debug|Any CPU.ActiveCfg = Debug|Any CPU
		{933E7F18-85CD-4FB4-84BD-82E645330DF0}.Debug|Any CPU.Build.0 = Debug|Any CPU
		{933E7F18-85CD-4FB4-84BD-82E645330DF0}.Release|Any CPU.ActiveCfg = Release|Any CPU
		{933E7F18-85CD-4FB4-84BD-82E645330DF0}.Release|Any CPU.Build.0 = Release|Any CPU
		{F8608E6A-3E4F-4397-B520-7F6979E90830}.Debug|Any CPU.ActiveCfg = Debug|Any CPU
		{F8608E6A-3E4F-4397-B520-7F6979E90830}.Debug|Any CPU.Build.0 = Debug|Any CPU
		{F8608E6A-3E4F-4397-B520-7F6979E90830}.Release|Any CPU.ActiveCfg = Release|Any CPU
		{F8608E6A-3E4F-4397-B520-7F6979E90830}.Release|Any CPU.Build.0 = Release|Any CPU
	EndGlobalSection
	GlobalSection(SolutionProperties) = preSolution
		HideSolutionNode = FALSE
	EndGlobalSection
	GlobalSection(NestedProjects) = preSolution
		{43B6283B-05E9-49F5-BAC7-8A358CC201C4} = {16CFB121-45F0-4FB5-BCD2-EDBFC05FAD45}
		{0DFA733E-7E3B-40F9-9D14-F19255C870F2} = {40192E8D-0D70-4BA2-B990-EB53ED3DAB9F}
		{BC02CB86-528F-4BF5-A0CC-8B5CF0BA9047} = {40192E8D-0D70-4BA2-B990-EB53ED3DAB9F}
		{64A566B8-002A-4D70-ACEA-105ACDCE2D5C} = {118685D9-8FA2-491E-9D84-810B349966C8}
		{734B61B8-55EF-475B-BC2E-F31D70487A04} = {40192E8D-0D70-4BA2-B990-EB53ED3DAB9F}
		{854BB890-6D7D-4B06-B389-F6A66E47C224} = {7370BFE7-7BAA-4BF2-8C57-6DE27633AB98}
		{9266C161-07BE-4BCD-9A36-B4B4A936B38C} = {7370BFE7-7BAA-4BF2-8C57-6DE27633AB98}
		{933E7F18-85CD-4FB4-84BD-82E645330DF0} = {D1D69628-D040-464E-9E6F-BCB5AB7BCED4}
		{F8608E6A-3E4F-4397-B520-7F6979E90830} = {D1D69628-D040-464E-9E6F-BCB5AB7BCED4}
	EndGlobalSection
	GlobalSection(ExtensibilityGlobals) = postSolution
		SolutionGuid = {B18E74AF-7FD4-4C9A-AF61-31FA8091A4AE}
	EndGlobalSection
EndGlobal
