
Microsoft Visual Studio Solution File, Format Version 12.00
# Visual Studio Version 16
VisualStudioVersion = 16.0.29609.76
MinimumVisualStudioVersion = 10.0.40219.1
Project("{9A19103F-16F7-4668-BE54-9A1E7A4F7556}") = "LivrariaRomana.Test", "LivrariaRomana.Test\LivrariaRomana.Test.csproj", "{F8C5FC47-6D92-473C-ADCC-7C514D3550A7}"
EndProject
Project("{9A19103F-16F7-4668-BE54-9A1E7A4F7556}") = "LivrariaRomana.Domain", "LivrariaRomana.Domain\LivrariaRomana.Domain.csproj", "{43B6283B-05E9-49F5-BAC7-8A358CC201C4}"
EndProject
Project("{9A19103F-16F7-4668-BE54-9A1E7A4F7556}") = "LivrariaRomana.Infrastructure.Interfaces", "LivrariaRomana.Infrastructure.Interfaces\LivrariaRomana.Infrastructure.Interfaces.csproj", "{0DFA733E-7E3B-40F9-9D14-F19255C870F2}"
EndProject
Project("{9A19103F-16F7-4668-BE54-9A1E7A4F7556}") = "LivrariaRomana.Infrastructure", "LivrariaRomana.Infrastructure\LivrariaRomana.Infrastructure.csproj", "{BC02CB86-528F-4BF5-A0CC-8B5CF0BA9047}"
EndProject
Project("{9A19103F-16F7-4668-BE54-9A1E7A4F7556}") = "LivrariaRomana.API", "LivrariaRomana.API\LivrariaRomana.API.csproj", "{64A566B8-002A-4D70-ACEA-105ACDCE2D5C}"
EndProject
Project("{FAE04EC0-301F-11D3-BF4B-00C04F79EFBC}") = "LivrariaRomana.Infrastructure.IoC", "LivrariaRomana.Infrastructure.IoC\LivrariaRomana.Infrastructure.IoC.csproj", "{734B61B8-55EF-475B-BC2E-F31D70487A04}"
EndProject
Global
	GlobalSection(SolutionConfigurationPlatforms) = preSolution
		Debug|Any CPU = Debug|Any CPU
		Release|Any CPU = Release|Any CPU
	EndGlobalSection
	GlobalSection(ProjectConfigurationPlatforms) = postSolution
		{F8C5FC47-6D92-473C-ADCC-7C514D3550A7}.Debug|Any CPU.ActiveCfg = Debug|Any CPU
		{F8C5FC47-6D92-473C-ADCC-7C514D3550A7}.Debug|Any CPU.Build.0 = Debug|Any CPU
		{F8C5FC47-6D92-473C-ADCC-7C514D3550A7}.Release|Any CPU.ActiveCfg = Release|Any CPU
		{F8C5FC47-6D92-473C-ADCC-7C514D3550A7}.Release|Any CPU.Build.0 = Release|Any CPU
		{43B6283B-05E9-49F5-BAC7-8A358CC201C4}.Debug|Any CPU.ActiveCfg = Debug|Any CPU
		{43B6283B-05E9-49F5-BAC7-8A358CC201C4}.Debug|Any CPU.Build.0 = Debug|Any CPU
		{43B6283B-05E9-49F5-BAC7-8A358CC201C4}.Release|Any CPU.ActiveCfg = Release|Any CPU
		{43B6283B-05E9-49F5-BAC7-8A358CC201C4}.Release|Any CPU.Build.0 = Release|Any CPU
		{0DFA733E-7E3B-40F9-9D14-F19255C870F2}.Debug|Any CPU.ActiveCfg = Debug|Any CPU
		{0DFA733E-7E3B-40F9-9D14-F19255C870F2}.Debug|Any CPU.Build.0 = Debug|Any CPU
		{0DFA733E-7E3B-40F9-9D14-F19255C870F2}.Release|Any CPU.ActiveCfg = Release|Any CPU
		{0DFA733E-7E3B-40F9-9D14-F19255C870F2}.Release|Any CPU.Build.0 = Release|Any CPU
		{BC02CB86-528F-4BF5-A0CC-8B5CF0BA9047}.Debug|Any CPU.ActiveCfg = Debug|Any CPU
		{BC02CB86-528F-4BF5-A0CC-8B5CF0BA9047}.Debug|Any CPU.Build.0 = Debug|Any CPU
		{BC02CB86-528F-4BF5-A0CC-8B5CF0BA9047}.Release|Any CPU.ActiveCfg = Release|Any CPU
		{BC02CB86-528F-4BF5-A0CC-8B5CF0BA9047}.Release|Any CPU.Build.0 = Release|Any CPU
		{64A566B8-002A-4D70-ACEA-105ACDCE2D5C}.Debug|Any CPU.ActiveCfg = Debug|Any CPU
		{64A566B8-002A-4D70-ACEA-105ACDCE2D5C}.Debug|Any CPU.Build.0 = Debug|Any CPU
		{64A566B8-002A-4D70-ACEA-105ACDCE2D5C}.Release|Any CPU.ActiveCfg = Release|Any CPU
		{64A566B8-002A-4D70-ACEA-105ACDCE2D5C}.Release|Any CPU.Build.0 = Release|Any CPU
		{734B61B8-55EF-475B-BC2E-F31D70487A04}.Debug|Any CPU.ActiveCfg = Debug|Any CPU
		{734B61B8-55EF-475B-BC2E-F31D70487A04}.Debug|Any CPU.Build.0 = Debug|Any CPU
		{734B61B8-55EF-475B-BC2E-F31D70487A04}.Release|Any CPU.ActiveCfg = Release|Any CPU
		{734B61B8-55EF-475B-BC2E-F31D70487A04}.Release|Any CPU.Build.0 = Release|Any CPU
	EndGlobalSection
	GlobalSection(SolutionProperties) = preSolution
		HideSolutionNode = FALSE
	EndGlobalSection
	GlobalSection(ExtensibilityGlobals) = postSolution
		SolutionGuid = {B18E74AF-7FD4-4C9A-AF61-31FA8091A4AE}
	EndGlobalSection
EndGlobal
